
Microsoft Visual Studio Solution File, Format Version 12.00
# Visual Studio Version 17
VisualStudioVersion = 17.10.34928.147
MinimumVisualStudioVersion = 10.0.40219.1
Project("{FAE04EC0-301F-11D3-BF4B-00C04F79EFBC}") = "ConsoleApp6", "ConsoleApp6.csproj", "{582523C8-2B50-4518-ABF9-33ED4D825187}"
EndProject
Global
	GlobalSection(SolutionConfigurationPlatforms) = preSolution
		Debug|Any CPU = Debug|Any CPU
		Release|Any CPU = Release|Any CPU
	EndGlobalSection
	GlobalSection(ProjectConfigurationPlatforms) = postSolution
		{582523C8-2B50-4518-ABF9-33ED4D825187}.Debug|Any CPU.ActiveCfg = Debug|Any CPU
		{582523C8-2B50-4518-ABF9-33ED4D825187}.Debug|Any CPU.Build.0 = Debug|Any CPU
		{582523C8-2B50-4518-ABF9-33ED4D825187}.Release|Any CPU.ActiveCfg = Release|Any CPU
		{582523C8-2B50-4518-ABF9-33ED4D825187}.Release|Any CPU.Build.0 = Release|Any CPU
	EndGlobalSection
	GlobalSection(SolutionProperties) = preSolution
		HideSolutionNode = FALSE
	EndGlobalSection
	GlobalSection(ExtensibilityGlobals) = postSolution
		SolutionGuid = {CEC171F0-1AA7-49FF-8922-EC6DA764A9ED}
	EndGlobalSection
EndGlobal
